
Microsoft Visual Studio Solution File, Format Version 12.00
# Visual Studio Version 17
VisualStudioVersion = 17.2.32630.192
MinimumVisualStudioVersion = 10.0.40219.1
Project("{8BC9CEB8-8B4A-11D0-8D11-00A0C91BC942}") = "Projet24_MSI_EDA_KSA", "Projet24_MSI_EDA_KSA\Projet24_MSI_EDA_KSA.vcxproj", "{D934554B-FBBC-4F0B-856C-10274D4B687E}"
EndProject
Global
	GlobalSection(SolutionConfigurationPlatforms) = preSolution
		Debug|x64 = Debug|x64
		Debug|x86 = Debug|x86
		Release|x64 = Release|x64
		Release|x86 = Release|x86
	EndGlobalSection
	GlobalSection(ProjectConfigurationPlatforms) = postSolution
		{D934554B-FBBC-4F0B-856C-10274D4B687E}.Debug|x64.ActiveCfg = Debug|x64
		{D934554B-FBBC-4F0B-856C-10274D4B687E}.Debug|x64.Build.0 = Debug|x64
		{D934554B-FBBC-4F0B-856C-10274D4B687E}.Debug|x86.ActiveCfg = Debug|Win32
		{D934554B-FBBC-4F0B-856C-10274D4B687E}.Debug|x86.Build.0 = Debug|Win32
		{D934554B-FBBC-4F0B-856C-10274D4B687E}.Release|x64.ActiveCfg = Release|x64
		{D934554B-FBBC-4F0B-856C-10274D4B687E}.Release|x64.Build.0 = Release|x64
		{D934554B-FBBC-4F0B-856C-10274D4B687E}.Release|x86.ActiveCfg = Release|Win32
		{D934554B-FBBC-4F0B-856C-10274D4B687E}.Release|x86.Build.0 = Release|Win32
	EndGlobalSection
	GlobalSection(SolutionProperties) = preSolution
		HideSolutionNode = FALSE
	EndGlobalSection
	GlobalSection(ExtensibilityGlobals) = postSolution
		SolutionGuid = {388E8834-D005-496A-9214-342CDE62E17F}
	EndGlobalSection
EndGlobal
